# THIS IS AN AUTOGENERATED FILE. DO NOT EDIT THIS FILE DIRECTLY.
# yarn lockfile v1


beprofiler@0.1.2:
  version "0.1.2"
  resolved "https://registry.yarnpkg.com/beprofiler/-/beprofiler-0.1.2.tgz#722bc5377da3c5263bb2f3a7a3564f0fcbecc937"
  integrity sha512-XIXR9bK497VgOpFebceEVf8eEGX28vNhFc5KFijWNJvCfMRRb4AvhpjnMU36w72Hl9TkdGD1aOgIU488k++8Dw==
