# THIS IS AN AUTOGENERATED FILE. DO NOT EDIT THIS FILE DIRECTLY.
# yarn lockfile v1


beprofiler@0.2.0:
  version "0.2.0"
  resolved "https://registry.yarnpkg.com/beprofiler/-/beprofiler-0.2.0.tgz#d5ae560c66d203ddef7dce20cd41b8f092732a7c"
  integrity sha512-B+Sm7ZuX9Yj4TfJiXHj64v1H2XlgHzQcLPUvVW+vTjooyQ1C8ikOC2aVqR2HNJ9Vs+Hc8BzmC5aRaeBqAsMX0w==
