# THIS IS AN AUTOGENERATED FILE. DO NOT EDIT THIS FILE DIRECTLY.
# yarn lockfile v1


beprofiler@0.2.1:
  version "0.2.1"
  resolved "https://registry.yarnpkg.com/beprofiler/-/beprofiler-0.2.1.tgz#1b12ee6af06dcc63630faca91b11f6f26be1d30a"
  integrity sha512-DDPKpc3x5oGw8rmHDFqnoQWibHePJAMG1Ub4EX8D16VlyVEVUfulla0mNNbdLOy0rq8oPwRln7s75rfw8Zq4XQ==
